
Microsoft Visual Studio Solution File, Format Version 12.00
# Visual Studio Version 17
VisualStudioVersion = 17.8.34330.188
MinimumVisualStudioVersion = 10.0.40219.1
Project("{FAE04EC0-301F-11D3-BF4B-00C04F79EFBC}") = "testing", "testing.csproj", "{504F0320-238F-42A8-9604-01000EF6ECAA}"
EndProject
Global
	GlobalSection(SolutionConfigurationPlatforms) = preSolution
		Debug|Any CPU = Debug|Any CPU
		Release|Any CPU = Release|Any CPU
	EndGlobalSection
	GlobalSection(ProjectConfigurationPlatforms) = postSolution
		{504F0320-238F-42A8-9604-01000EF6ECAA}.Debug|Any CPU.ActiveCfg = Debug|Any CPU
		{504F0320-238F-42A8-9604-01000EF6ECAA}.Debug|Any CPU.Build.0 = Debug|Any CPU
		{504F0320-238F-42A8-9604-01000EF6ECAA}.Release|Any CPU.ActiveCfg = Release|Any CPU
		{504F0320-238F-42A8-9604-01000EF6ECAA}.Release|Any CPU.Build.0 = Release|Any CPU
	EndGlobalSection
	GlobalSection(SolutionProperties) = preSolution
		HideSolutionNode = FALSE
	EndGlobalSection
	GlobalSection(ExtensibilityGlobals) = postSolution
		SolutionGuid = {887C1080-8893-45EB-A68E-F440E9475F7F}
	EndGlobalSection
EndGlobal
